// !$*UTF8*$!
{
	archiveVersion = 1;
	classes = {
	};
	objectVersion = 46;
	objects = {

/* Begin PBXBuildFile section */
		C56B4E0B1E4AC624003CE337 /* main.m in Sources */ = {isa = PBXBuildFile; fileRef = C56B4E0A1E4AC624003CE337 /* main.m */; };
/* End PBXBuildFile section */

/* Begin PBXCopyFilesBuildPhase section */
		C56B4E051E4AC624003CE337 /* CopyFiles */ = {
			isa = PBXCopyFilesBuildPhase;
			buildActionMask = 2147483647;
			dstPath = /usr/share/man/man1/;
			dstSubfolderSpec = 0;
			files = (
			);
			runOnlyForDeploymentPostprocessing = 1;
		};
/* End PBXCopyFilesBuildPhase section */

/* Begin PBXFileReference section */
		C56B4E071E4AC624003CE337 /* CATETiledLayerCutter */ = {isa = PBXFileReference; explicitFileType = "compiled.mach-o.executable"; includeInIndex = 0; path = CATETiledLayerCutter; sourceTree = BUILT_PRODUCTS_DIR; };
		C56B4E0A1E4AC624003CE337 /* main.m */ = {isa = PBXFileReference; lastKnownFileType = sourcecode.c.objc; path = main.m; sourceTree = "<group>"; };
/* End PBXFileReference section */

/* Begin PBXFrameworksBuildPhase section */
		C56B4E041E4AC624003CE337 /* Frameworks */ = {
			isa = PBXFrameworksBuildPhase;
			buildActionMask = 2147483647;
			files = (
			);
			runOnlyForDeploymentPostprocessing = 0;
		};
/* End PBXFrameworksBuildPhase section */

/* Begin PBXGroup section */
		C56B4DFE1E4AC624003CE337 = {
			isa = PBXGroup;
			children = (
				C56B4E091E4AC624003CE337 /* CATETiledLayerCutter */,
				C56B4E081E4AC624003CE337 /* Products */,
			);
			sourceTree = "<group>";
		};
		C56B4E081E4AC624003CE337 /* Products */ = {
			isa = PBXGroup;
			children = (
				C56B4E071E4AC624003CE337 /* CATETiledLayerCutter */,
			);
			name = Products;
			sourceTree = "<group>";
		};
		C56B4E091E4AC624003CE337 /* CATETiledLayerCutter */ = {
			isa = PBXGroup;
			children = (
				C56B4E0A1E4AC624003CE337 /* main.m */,
			);
			path = CATETiledLayerCutter;
			sourceTree = "<group>";
		};
/* End PBXGroup section */

/* Begin PBXNativeTarget section */
		C56B4E061E4AC624003CE337 /* CATETiledLayerCutter */ = {
			isa = PBXNativeTarget;
			buildConfigurationList = C56B4E0E1E4AC624003CE337 /* Build configuration list for PBXNativeTarget "CATETiledLayerCutter" */;
			buildPhases = (
				C56B4E031E4AC624003CE337 /* Sources */,
				C56B4E041E4AC624003CE337 /* Frameworks */,
				C56B4E051E4AC624003CE337 /* CopyFiles */,
			);
			buildRules = (
			);
			dependencies = (
			);
			name = CATETiledLayerCutter;
			productName = CATETiledLayerCutter;
			productReference = C56B4E071E4AC624003CE337 /* CATETiledLayerCutter */;
			productType = "com.apple.product-type.tool";
		};
/* End PBXNativeTarget section */

/* Begin PBXProject section */
		C56B4DFF1E4AC624003CE337 /* Project object */ = {
			isa = PBXProject;
			attributes = {
				LastUpgradeCheck = 0820;
				ORGANIZATIONNAME = EBOOK;
				TargetAttributes = {
					C56B4E061E4AC624003CE337 = {
						CreatedOnToolsVersion = 8.2.1;
						DevelopmentTeam = UUGY3MNP88;
						ProvisioningStyle = Automatic;
					};
				};
			};
			buildConfigurationList = C56B4E021E4AC624003CE337 /* Build configuration list for PBXProject "CATETiledLayerCutter" */;
			compatibilityVersion = "Xcode 3.2";
			developmentRegion = English;
			hasScannedForEncodings = 0;
			knownRegions = (
				en,
			);
			mainGroup = C56B4DFE1E4AC624003CE337;
			productRefGroup = C56B4E081E4AC624003CE337 /* Products */;
			projectDirPath = "";
			projectRoot = "";
			targets = (
				C56B4E061E4AC624003CE337 /* CATETiledLayerCutter */,
			);
		};
/* End PBXProject section */

/* Begin PBXSourcesBuildPhase section */
		C56B4E031E4AC624003CE337 /* Sources */ = {
			isa = PBXSourcesBuildPhase;
			buildActionMask = 2147483647;
			files = (
				C56B4E0B1E4AC624003CE337 /* main.m in Sources */,
			);
			runOnlyForDeploymentPostprocessing = 0;
		};
/* End PBXSourcesBuildPhase section */

/* Begin XCBuildConfiguration section */
		C56B4E0C1E4AC624003CE337 /* Debug */ = {
			isa = XCBuildConfiguration;
			buildSettings = {
				ALWAYS_SEARCH_USER_PATHS = NO;
				CLANG_ANALYZER_NONNULL = YES;
				CLANG_CXX_LANGUAGE_STANDARD = "gnu++0x";
				CLANG_CXX_LIBRARY = "libc++";
				CLANG_ENABLE_MODULES = YES;
				CLANG_ENABLE_OBJC_ARC = YES;
				CLANG_WARN_BOOL_CONVERSION = YES;
				CLANG_WARN_CONSTANT_CONVERSION = YES;
				CLANG_WARN_DIRECT_OBJC_ISA_USAGE = YES_ERROR;
				CLANG_WARN_DOCUMENTATION_COMMENTS = YES;
				CLANG_WARN_EMPTY_BODY = YES;
				CLANG_WARN_ENUM_CONVERSION = YES;
				CLANG_WARN_INFINITE_RECURSION = YES;
				CLANG_WARN_INT_CONVERSION = YES;
				CLANG_WARN_OBJC_ROOT_CLASS = YES_ERROR;
				CLANG_WARN_SUSPICIOUS_MOVE = YES;
				CLANG_WARN_UNREACHABLE_CODE = YES;
				CLANG_WARN__DUPLICATE_METHOD_MATCH = YES;
				CODE_SIGN_IDENTITY = "-";
				COPY_PHASE_STRIP = NO;
				DEBUG_INFORMATION_FORMAT = dwarf;
				ENABLE_STRICT_OBJC_MSGSEND = YES;
				ENABLE_TESTABILITY = YES;
				GCC_C_LANGUAGE_STANDARD = gnu99;
				GCC_DYNAMIC_NO_PIC = NO;
				GCC_NO_COMMON_BLOCKS = YES;
				GCC_OPTIMIZATION_LEVEL = 0;
				GCC_PREPROCESSOR_DEFINITIONS = (
					"DEBUG=1",
					"$(inherited)",
				);
				GCC_WARN_64_TO_32_BIT_CONVERSION = YES;
				GCC_WARN_ABOUT_RETURN_TYPE = YES_ERROR;
				GCC_WARN_UNDECLARED_SELECTOR = YES;
				GCC_WARN_UNINITIALIZED_AUTOS = YES_AGGRESSIVE;
				GCC_WARN_UNUSED_FUNCTION = YES;
				GCC_WARN_UNUSED_VARIABLE = YES;
				MACOSX_DEPLOYMENT_TARGET = 10.12;
				MTL_ENABLE_DEBUG_INFO = YES;
				ONLY_ACTIVE_ARCH = YES;
				SDKROOT = macosx;
			};
			name = Debug;
		};
		C56B4E0D1E4AC624003CE337 /* Release */ = {
			isa = XCBuildConfiguration;
			buildSettings = {
				ALWAYS_SEARCH_USER_PATHS = NO;
				CLANG_ANALYZER_NONNULL = YES;
				CLANG_CXX_LANGUAGE_STANDARD = "gnu++0x";
				CLANG_CXX_LIBRARY = "libc++";
				CLANG_ENABLE_MODULES = YES;
				CLANG_ENABLE_OBJC_ARC = YES;
				CLANG_WARN_BOOL_CONVERSION = YES;
				CLANG_WARN_CONSTANT_CONVERSION = YES;
				CLANG_WARN_DIRECT_OBJC_ISA_USAGE = YES_ERROR;
				CLANG_WARN_DOCUMENTATION_COMMENTS = YES;
				CLANG_WARN_EMPTY_BODY = YES;
				CLANG_WARN_ENUM_CONVERSION = YES;
				CLANG_WARN_INFINITE_RECURSION = YES;
				CLANG_WARN_INT_CONVERSION = YES;
				CLANG_WARN_OBJC_ROOT_CLASS = YES_ERROR;
				CLANG_WARN_SUSPICIOUS_MOVE = YES;
				CLANG_WARN_UNREACHABLE_CODE = YES;
				CLANG_WARN__DUPLICATE_METHOD_MATCH = YES;
				CODE_SIGN_IDENTITY = "-";
				COPY_PHASE_STRIP = NO;
				DEBUG_INFORMATION_FORMAT = "dwarf-with-dsym";
				ENABLE_NS_ASSERTIONS = NO;
				ENABLE_STRICT_OBJC_MSGSEND = YES;
				GCC_C_LANGUAGE_STANDARD = gnu99;
				GCC_NO_COMMON_BLOCKS = YES;
				GCC_WARN_64_TO_32_BIT_CONVERSION = YES;
				GCC_WARN_ABOUT_RETURN_TYPE = YES_ERROR;
				GCC_WARN_UNDECLARED_SELECTOR = YES;
				GCC_WARN_UNINITIALIZED_AUTOS = YES_AGGRESSIVE;
				GCC_WARN_UNUSED_FUNCTION = YES;
				GCC_WARN_UNUSED_VARIABLE = YES;
				MACOSX_DEPLOYMENT_TARGET = 10.12;
				MTL_ENABLE_DEBUG_INFO = NO;
				SDKROOT = macosx;
			};
			name = Release;
		};
		C56B4E0F1E4AC624003CE337 /* Debug */ = {
			isa = XCBuildConfiguration;
			buildSettings = {
				DEVELOPMENT_TEAM = UUGY3MNP88;
				PRODUCT_NAME = "$(TARGET_NAME)";
			};
			name = Debug;
		};
		C56B4E101E4AC624003CE337 /* Release */ = {
			isa = XCBuildConfiguration;
			buildSettings = {
				DEVELOPMENT_TEAM = UUGY3MNP88;
				PRODUCT_NAME = "$(TARGET_NAME)";
			};
			name = Release;
		};
/* End XCBuildConfiguration section */

/* Begin XCConfigurationList section */
		C56B4E021E4AC624003CE337 /* Build configuration list for PBXProject "CATETiledLayerCutter" */ = {
			isa = XCConfigurationList;
			buildConfigurations = (
				C56B4E0C1E4AC624003CE337 /* Debug */,
				C56B4E0D1E4AC624003CE337 /* Release */,
			);
			defaultConfigurationIsVisible = 0;
			defaultConfigurationName = Release;
		};
		C56B4E0E1E4AC624003CE337 /* Build configuration list for PBXNativeTarget "CATETiledLayerCutter" */ = {
			isa = XCConfigurationList;
			buildConfigurations = (
				C56B4E0F1E4AC624003CE337 /* Debug */,
				C56B4E101E4AC624003CE337 /* Release */,
			);
			defaultConfigurationIsVisible = 0;
		};
/* End XCConfigurationList section */
	};
	rootObject = C56B4DFF1E4AC624003CE337 /* Project object */;
}
